// !$*UTF8*$!
{
	archiveVersion = 1;
	classes = {
	};
	objectVersion = 46;
	objects = {

/* Begin PBXBuildFile section */
		182BEE9D1E80649E009CB5F6 /* AppDelegate.swift in Sources */ = {isa = PBXBuildFile; fileRef = 182BEE9C1E80649E009CB5F6 /* AppDelegate.swift */; };
		182BEE9F1E80649E009CB5F6 /* GameScene.sks in Resources */ = {isa = PBXBuildFile; fileRef = 182BEE9E1E80649E009CB5F6 /* GameScene.sks */; };
		182BEEA11E80649E009CB5F6 /* Actions.sks in Resources */ = {isa = PBXBuildFile; fileRef = 182BEEA01E80649E009CB5F6 /* Actions.sks */; };
		182BEEA31E80649E009CB5F6 /* GameScene.swift in Sources */ = {isa = PBXBuildFile; fileRef = 182BEEA21E80649E009CB5F6 /* GameScene.swift */; };
		182BEEA51E80649E009CB5F6 /* GameViewController.swift in Sources */ = {isa = PBXBuildFile; fileRef = 182BEEA41E80649E009CB5F6 /* GameViewController.swift */; };
		182BEEA81E80649E009CB5F6 /* Main.storyboard in Resources */ = {isa = PBXBuildFile; fileRef = 182BEEA61E80649E009CB5F6 /* Main.storyboard */; };
		182BEEAA1E80649E009CB5F6 /* Assets.xcassets in Resources */ = {isa = PBXBuildFile; fileRef = 182BEEA91E80649E009CB5F6 /* Assets.xcassets */; };
		182BEEAD1E80649E009CB5F6 /* LaunchScreen.storyboard in Resources */ = {isa = PBXBuildFile; fileRef = 182BEEAB1E80649E009CB5F6 /* LaunchScreen.storyboard */; };
		182BEEB71E80650F009CB5F6 /* MainMenu.sks in Resources */ = {isa = PBXBuildFile; fileRef = 182BEEB61E80650F009CB5F6 /* MainMenu.sks */; };
		182BEEB91E80651F009CB5F6 /* MainMenu.swift in Sources */ = {isa = PBXBuildFile; fileRef = 182BEEB81E80651F009CB5F6 /* MainMenu.swift */; };
		182BEEBB1E806641009CB5F6 /* VerdictScene.sks in Resources */ = {isa = PBXBuildFile; fileRef = 182BEEBA1E806641009CB5F6 /* VerdictScene.sks */; };
		182BEEBD1E80665C009CB5F6 /* VerdictScene.swift in Sources */ = {isa = PBXBuildFile; fileRef = 182BEEBC1E80665C009CB5F6 /* VerdictScene.swift */; };
		182BEEBF1E806695009CB5F6 /* CreditsScene.sks in Resources */ = {isa = PBXBuildFile; fileRef = 182BEEBE1E806695009CB5F6 /* CreditsScene.sks */; };
		182BEEC11E8066AE009CB5F6 /* CreditsScene.swift in Sources */ = {isa = PBXBuildFile; fileRef = 182BEEC01E8066AE009CB5F6 /* CreditsScene.swift */; };
/* End PBXBuildFile section */

/* Begin PBXFileReference section */
		182BEE991E80649E009CB5F6 /* iOS-UrbanLauncher.app */ = {isa = PBXFileReference; explicitFileType = wrapper.application; includeInIndex = 0; path = "iOS-UrbanLauncher.app"; sourceTree = BUILT_PRODUCTS_DIR; };
		182BEE9C1E80649E009CB5F6 /* AppDelegate.swift */ = {isa = PBXFileReference; lastKnownFileType = sourcecode.swift; path = AppDelegate.swift; sourceTree = "<group>"; };
		182BEE9E1E80649E009CB5F6 /* GameScene.sks */ = {isa = PBXFileReference; lastKnownFileType = file.sks; path = GameScene.sks; sourceTree = "<group>"; };
		182BEEA01E80649E009CB5F6 /* Actions.sks */ = {isa = PBXFileReference; lastKnownFileType = file.sks; path = Actions.sks; sourceTree = "<group>"; };
		182BEEA21E80649E009CB5F6 /* GameScene.swift */ = {isa = PBXFileReference; lastKnownFileType = sourcecode.swift; path = GameScene.swift; sourceTree = "<group>"; };
		182BEEA41E80649E009CB5F6 /* GameViewController.swift */ = {isa = PBXFileReference; lastKnownFileType = sourcecode.swift; path = GameViewController.swift; sourceTree = "<group>"; };
		182BEEA71E80649E009CB5F6 /* Base */ = {isa = PBXFileReference; lastKnownFileType = file.storyboard; name = Base; path = Base.lproj/Main.storyboard; sourceTree = "<group>"; };
		182BEEA91E80649E009CB5F6 /* Assets.xcassets */ = {isa = PBXFileReference; lastKnownFileType = folder.assetcatalog; path = Assets.xcassets; sourceTree = "<group>"; };
		182BEEAC1E80649E009CB5F6 /* Base */ = {isa = PBXFileReference; lastKnownFileType = file.storyboard; name = Base; path = Base.lproj/LaunchScreen.storyboard; sourceTree = "<group>"; };
		182BEEAE1E80649E009CB5F6 /* Info.plist */ = {isa = PBXFileReference; lastKnownFileType = text.plist.xml; path = Info.plist; sourceTree = "<group>"; };
		182BEEB61E80650F009CB5F6 /* MainMenu.sks */ = {isa = PBXFileReference; lastKnownFileType = file.sks; path = MainMenu.sks; sourceTree = "<group>"; };
		182BEEB81E80651F009CB5F6 /* MainMenu.swift */ = {isa = PBXFileReference; fileEncoding = 4; lastKnownFileType = sourcecode.swift; path = MainMenu.swift; sourceTree = "<group>"; };
		182BEEBA1E806641009CB5F6 /* VerdictScene.sks */ = {isa = PBXFileReference; lastKnownFileType = file.sks; path = VerdictScene.sks; sourceTree = "<group>"; };
		182BEEBC1E80665C009CB5F6 /* VerdictScene.swift */ = {isa = PBXFileReference; fileEncoding = 4; lastKnownFileType = sourcecode.swift; path = VerdictScene.swift; sourceTree = "<group>"; };
		182BEEBE1E806695009CB5F6 /* CreditsScene.sks */ = {isa = PBXFileReference; lastKnownFileType = file.sks; path = CreditsScene.sks; sourceTree = "<group>"; };
		182BEEC01E8066AE009CB5F6 /* CreditsScene.swift */ = {isa = PBXFileReference; fileEncoding = 4; lastKnownFileType = sourcecode.swift; path = CreditsScene.swift; sourceTree = "<group>"; };
/* End PBXFileReference section */

/* Begin PBXFrameworksBuildPhase section */
		182BEE961E80649E009CB5F6 /* Frameworks */ = {
			isa = PBXFrameworksBuildPhase;
			buildActionMask = 2147483647;
			files = (
			);
			runOnlyForDeploymentPostprocessing = 0;
		};
/* End PBXFrameworksBuildPhase section */

/* Begin PBXGroup section */
		182BEE901E80649E009CB5F6 = {
			isa = PBXGroup;
			children = (
				182BEE9B1E80649E009CB5F6 /* iOS-UrbanLauncher */,
				182BEE9A1E80649E009CB5F6 /* Products */,
			);
			sourceTree = "<group>";
		};
		182BEE9A1E80649E009CB5F6 /* Products */ = {
			isa = PBXGroup;
			children = (
				182BEE991E80649E009CB5F6 /* iOS-UrbanLauncher.app */,
			);
			name = Products;
			sourceTree = "<group>";
		};
		182BEE9B1E80649E009CB5F6 /* iOS-UrbanLauncher */ = {
			isa = PBXGroup;
			children = (
				182BEEB51E8064B8009CB5F6 /* Scripts */,
				182BEEB41E8064B4009CB5F6 /* Scenes */,
				182BEE9C1E80649E009CB5F6 /* AppDelegate.swift */,
				182BEEA01E80649E009CB5F6 /* Actions.sks */,
				182BEEA41E80649E009CB5F6 /* GameViewController.swift */,
				182BEEA61E80649E009CB5F6 /* Main.storyboard */,
				182BEEA91E80649E009CB5F6 /* Assets.xcassets */,
				182BEEAB1E80649E009CB5F6 /* LaunchScreen.storyboard */,
				182BEEAE1E80649E009CB5F6 /* Info.plist */,
			);
			path = "iOS-UrbanLauncher";
			sourceTree = "<group>";
		};
		182BEEB41E8064B4009CB5F6 /* Scenes */ = {
			isa = PBXGroup;
			children = (
				182BEE9E1E80649E009CB5F6 /* GameScene.sks */,
				182BEEB61E80650F009CB5F6 /* MainMenu.sks */,
				182BEEBA1E806641009CB5F6 /* VerdictScene.sks */,
				182BEEBE1E806695009CB5F6 /* CreditsScene.sks */,
			);
			name = Scenes;
			sourceTree = "<group>";
		};
		182BEEB51E8064B8009CB5F6 /* Scripts */ = {
			isa = PBXGroup;
			children = (
				182BEEA21E80649E009CB5F6 /* GameScene.swift */,
				182BEEB81E80651F009CB5F6 /* MainMenu.swift */,
				182BEEBC1E80665C009CB5F6 /* VerdictScene.swift */,
				182BEEC01E8066AE009CB5F6 /* CreditsScene.swift */,
			);
			name = Scripts;
			sourceTree = "<group>";
		};
/* End PBXGroup section */

/* Begin PBXNativeTarget section */
		182BEE981E80649E009CB5F6 /* iOS-UrbanLauncher */ = {
			isa = PBXNativeTarget;
			buildConfigurationList = 182BEEB11E80649E009CB5F6 /* Build configuration list for PBXNativeTarget "iOS-UrbanLauncher" */;
			buildPhases = (
				182BEE951E80649E009CB5F6 /* Sources */,
				182BEE961E80649E009CB5F6 /* Frameworks */,
				182BEE971E80649E009CB5F6 /* Resources */,
			);
			buildRules = (
			);
			dependencies = (
			);
			name = "iOS-UrbanLauncher";
			productName = "iOS-UrbanLauncher";
			productReference = 182BEE991E80649E009CB5F6 /* iOS-UrbanLauncher.app */;
			productType = "com.apple.product-type.application";
		};
/* End PBXNativeTarget section */

/* Begin PBXProject section */
		182BEE911E80649E009CB5F6 /* Project object */ = {
			isa = PBXProject;
			attributes = {
				LastSwiftUpdateCheck = 0820;
				LastUpgradeCheck = 0820;
				ORGANIZATIONNAME = "Adrian&Edisson";
				TargetAttributes = {
					182BEE981E80649E009CB5F6 = {
						CreatedOnToolsVersion = 8.2.1;
						ProvisioningStyle = Automatic;
					};
				};
			};
			buildConfigurationList = 182BEE941E80649E009CB5F6 /* Build configuration list for PBXProject "iOS-UrbanLauncher" */;
			compatibilityVersion = "Xcode 3.2";
			developmentRegion = English;
			hasScannedForEncodings = 0;
			knownRegions = (
				en,
				Base,
			);
			mainGroup = 182BEE901E80649E009CB5F6;
			productRefGroup = 182BEE9A1E80649E009CB5F6 /* Products */;
			projectDirPath = "";
			projectRoot = "";
			targets = (
				182BEE981E80649E009CB5F6 /* iOS-UrbanLauncher */,
			);
		};
/* End PBXProject section */

/* Begin PBXResourcesBuildPhase section */
		182BEE971E80649E009CB5F6 /* Resources */ = {
			isa = PBXResourcesBuildPhase;
			buildActionMask = 2147483647;
			files = (
				182BEEA81E80649E009CB5F6 /* Main.storyboard in Resources */,
				182BEEB71E80650F009CB5F6 /* MainMenu.sks in Resources */,
				182BEE9F1E80649E009CB5F6 /* GameScene.sks in Resources */,
				182BEEBF1E806695009CB5F6 /* CreditsScene.sks in Resources */,
				182BEEAA1E80649E009CB5F6 /* Assets.xcassets in Resources */,
				182BEEAD1E80649E009CB5F6 /* LaunchScreen.storyboard in Resources */,
				182BEEA11E80649E009CB5F6 /* Actions.sks in Resources */,
				182BEEBB1E806641009CB5F6 /* VerdictScene.sks in Resources */,
			);
			runOnlyForDeploymentPostprocessing = 0;
		};
/* End PBXResourcesBuildPhase section */

/* Begin PBXSourcesBuildPhase section */
		182BEE951E80649E009CB5F6 /* Sources */ = {
			isa = PBXSourcesBuildPhase;
			buildActionMask = 2147483647;
			files = (
				182BEEA31E80649E009CB5F6 /* GameScene.swift in Sources */,
				182BEEA51E80649E009CB5F6 /* GameViewController.swift in Sources */,
				182BEE9D1E80649E009CB5F6 /* AppDelegate.swift in Sources */,
				182BEEB91E80651F009CB5F6 /* MainMenu.swift in Sources */,
				182BEEBD1E80665C009CB5F6 /* VerdictScene.swift in Sources */,
				182BEEC11E8066AE009CB5F6 /* CreditsScene.swift in Sources */,
			);
			runOnlyForDeploymentPostprocessing = 0;
		};
/* End PBXSourcesBuildPhase section */

/* Begin PBXVariantGroup section */
		182BEEA61E80649E009CB5F6 /* Main.storyboard */ = {
			isa = PBXVariantGroup;
			children = (
				182BEEA71E80649E009CB5F6 /* Base */,
			);
			name = Main.storyboard;
			sourceTree = "<group>";
		};
		182BEEAB1E80649E009CB5F6 /* LaunchScreen.storyboard */ = {
			isa = PBXVariantGroup;
			children = (
				182BEEAC1E80649E009CB5F6 /* Base */,
			);
			name = LaunchScreen.storyboard;
			sourceTree = "<group>";
		};
/* End PBXVariantGroup section */

/* Begin XCBuildConfiguration section */
		182BEEAF1E80649E009CB5F6 /* Debug */ = {
			isa = XCBuildConfiguration;
			buildSettings = {
				ALWAYS_SEARCH_USER_PATHS = NO;
				CLANG_ANALYZER_NONNULL = YES;
				CLANG_CXX_LANGUAGE_STANDARD = "gnu++0x";
				CLANG_CXX_LIBRARY = "libc++";
				CLANG_ENABLE_MODULES = YES;
				CLANG_ENABLE_OBJC_ARC = YES;
				CLANG_WARN_BOOL_CONVERSION = YES;
				CLANG_WARN_CONSTANT_CONVERSION = YES;
				CLANG_WARN_DIRECT_OBJC_ISA_USAGE = YES_ERROR;
				CLANG_WARN_DOCUMENTATION_COMMENTS = YES;
				CLANG_WARN_EMPTY_BODY = YES;
				CLANG_WARN_ENUM_CONVERSION = YES;
				CLANG_WARN_INFINITE_RECURSION = YES;
				CLANG_WARN_INT_CONVERSION = YES;
				CLANG_WARN_OBJC_ROOT_CLASS = YES_ERROR;
				CLANG_WARN_SUSPICIOUS_MOVE = YES;
				CLANG_WARN_UNREACHABLE_CODE = YES;
				CLANG_WARN__DUPLICATE_METHOD_MATCH = YES;
				"CODE_SIGN_IDENTITY[sdk=iphoneos*]" = "iPhone Developer";
				COPY_PHASE_STRIP = NO;
				DEBUG_INFORMATION_FORMAT = dwarf;
				ENABLE_STRICT_OBJC_MSGSEND = YES;
				ENABLE_TESTABILITY = YES;
				GCC_C_LANGUAGE_STANDARD = gnu99;
				GCC_DYNAMIC_NO_PIC = NO;
				GCC_NO_COMMON_BLOCKS = YES;
				GCC_OPTIMIZATION_LEVEL = 0;
				GCC_PREPROCESSOR_DEFINITIONS = (
					"DEBUG=1",
					"$(inherited)",
				);
				GCC_WARN_64_TO_32_BIT_CONVERSION = YES;
				GCC_WARN_ABOUT_RETURN_TYPE = YES_ERROR;
				GCC_WARN_UNDECLARED_SELECTOR = YES;
				GCC_WARN_UNINITIALIZED_AUTOS = YES_AGGRESSIVE;
				GCC_WARN_UNUSED_FUNCTION = YES;
				GCC_WARN_UNUSED_VARIABLE = YES;
				IPHONEOS_DEPLOYMENT_TARGET = 10.2;
				MTL_ENABLE_DEBUG_INFO = YES;
				ONLY_ACTIVE_ARCH = YES;
				SDKROOT = iphoneos;
				SWIFT_ACTIVE_COMPILATION_CONDITIONS = DEBUG;
				SWIFT_OPTIMIZATION_LEVEL = "-Onone";
			};
			name = Debug;
		};
		182BEEB01E80649E009CB5F6 /* Release */ = {
			isa = XCBuildConfiguration;
			buildSettings = {
				ALWAYS_SEARCH_USER_PATHS = NO;
				CLANG_ANALYZER_NONNULL = YES;
				CLANG_CXX_LANGUAGE_STANDARD = "gnu++0x";
				CLANG_CXX_LIBRARY = "libc++";
				CLANG_ENABLE_MODULES = YES;
				CLANG_ENABLE_OBJC_ARC = YES;
				CLANG_WARN_BOOL_CONVERSION = YES;
				CLANG_WARN_CONSTANT_CONVERSION = YES;
				CLANG_WARN_DIRECT_OBJC_ISA_USAGE = YES_ERROR;
				CLANG_WARN_DOCUMENTATION_COMMENTS = YES;
				CLANG_WARN_EMPTY_BODY = YES;
				CLANG_WARN_ENUM_CONVERSION = YES;
				CLANG_WARN_INFINITE_RECURSION = YES;
				CLANG_WARN_INT_CONVERSION = YES;
				CLANG_WARN_OBJC_ROOT_CLASS = YES_ERROR;
				CLANG_WARN_SUSPICIOUS_MOVE = YES;
				CLANG_WARN_UNREACHABLE_CODE = YES;
				CLANG_WARN__DUPLICATE_METHOD_MATCH = YES;
				"CODE_SIGN_IDENTITY[sdk=iphoneos*]" = "iPhone Developer";
				COPY_PHASE_STRIP = NO;
				DEBUG_INFORMATION_FORMAT = "dwarf-with-dsym";
				ENABLE_NS_ASSERTIONS = NO;
				ENABLE_STRICT_OBJC_MSGSEND = YES;
				GCC_C_LANGUAGE_STANDARD = gnu99;
				GCC_NO_COMMON_BLOCKS = YES;
				GCC_WARN_64_TO_32_BIT_CONVERSION = YES;
				GCC_WARN_ABOUT_RETURN_TYPE = YES_ERROR;
				GCC_WARN_UNDECLARED_SELECTOR = YES;
				GCC_WARN_UNINITIALIZED_AUTOS = YES_AGGRESSIVE;
				GCC_WARN_UNUSED_FUNCTION = YES;
				GCC_WARN_UNUSED_VARIABLE = YES;
				IPHONEOS_DEPLOYMENT_TARGET = 10.2;
				MTL_ENABLE_DEBUG_INFO = NO;
				SDKROOT = iphoneos;
				SWIFT_OPTIMIZATION_LEVEL = "-Owholemodule";
				VALIDATE_PRODUCT = YES;
			};
			name = Release;
		};
		182BEEB21E80649E009CB5F6 /* Debug */ = {
			isa = XCBuildConfiguration;
			buildSettings = {
				ASSETCATALOG_COMPILER_APPICON_NAME = AppIcon;
				INFOPLIST_FILE = "iOS-UrbanLauncher/Info.plist";
				LD_RUNPATH_SEARCH_PATHS = "$(inherited) @executable_path/Frameworks";
				PRODUCT_BUNDLE_IDENTIFIER = "ca.amef.iosdev.iOS-UrbanLauncher";
				PRODUCT_NAME = "$(TARGET_NAME)";
				SWIFT_VERSION = 3.0;
			};
			name = Debug;
		};
		182BEEB31E80649E009CB5F6 /* Release */ = {
			isa = XCBuildConfiguration;
			buildSettings = {
				ASSETCATALOG_COMPILER_APPICON_NAME = AppIcon;
				INFOPLIST_FILE = "iOS-UrbanLauncher/Info.plist";
				LD_RUNPATH_SEARCH_PATHS = "$(inherited) @executable_path/Frameworks";
				PRODUCT_BUNDLE_IDENTIFIER = "ca.amef.iosdev.iOS-UrbanLauncher";
				PRODUCT_NAME = "$(TARGET_NAME)";
				SWIFT_VERSION = 3.0;
			};
			name = Release;
		};
/* End XCBuildConfiguration section */

/* Begin XCConfigurationList section */
		182BEE941E80649E009CB5F6 /* Build configuration list for PBXProject "iOS-UrbanLauncher" */ = {
			isa = XCConfigurationList;
			buildConfigurations = (
				182BEEAF1E80649E009CB5F6 /* Debug */,
				182BEEB01E80649E009CB5F6 /* Release */,
			);
			defaultConfigurationIsVisible = 0;
			defaultConfigurationName = Release;
		};
		182BEEB11E80649E009CB5F6 /* Build configuration list for PBXNativeTarget "iOS-UrbanLauncher" */ = {
			isa = XCConfigurationList;
			buildConfigurations = (
				182BEEB21E80649E009CB5F6 /* Debug */,
				182BEEB31E80649E009CB5F6 /* Release */,
			);
			defaultConfigurationIsVisible = 0;
		};
/* End XCConfigurationList section */
	};
	rootObject = 182BEE911E80649E009CB5F6 /* Project object */;
}
